
Microsoft Visual Studio Solution File, Format Version 12.00
# Visual Studio Version 16
VisualStudioVersion = 16.0.31229.75
MinimumVisualStudioVersion = 10.0.40219.1
Project("{8BC9CEB8-8B4A-11D0-8D11-00A0C91BC942}") = "SK-Lib-cmath-atan2-Bagian2__CPP", "SK-Lib-cmath-atan2-Bagian2__CPP\SK-Lib-cmath-atan2-Bagian2__CPP.vcxproj", "{A01DA277-15B3-46F4-BFA1-1F759F345F97}"
EndProject
Global
	GlobalSection(SolutionConfigurationPlatforms) = preSolution
		Debug|x64 = Debug|x64
		Debug|x86 = Debug|x86
		Release|x64 = Release|x64
		Release|x86 = Release|x86
	EndGlobalSection
	GlobalSection(ProjectConfigurationPlatforms) = postSolution
		{A01DA277-15B3-46F4-BFA1-1F759F345F97}.Debug|x64.ActiveCfg = Debug|x64
		{A01DA277-15B3-46F4-BFA1-1F759F345F97}.Debug|x64.Build.0 = Debug|x64
		{A01DA277-15B3-46F4-BFA1-1F759F345F97}.Debug|x86.ActiveCfg = Debug|Win32
		{A01DA277-15B3-46F4-BFA1-1F759F345F97}.Debug|x86.Build.0 = Debug|Win32
		{A01DA277-15B3-46F4-BFA1-1F759F345F97}.Release|x64.ActiveCfg = Release|x64
		{A01DA277-15B3-46F4-BFA1-1F759F345F97}.Release|x64.Build.0 = Release|x64
		{A01DA277-15B3-46F4-BFA1-1F759F345F97}.Release|x86.ActiveCfg = Release|Win32
		{A01DA277-15B3-46F4-BFA1-1F759F345F97}.Release|x86.Build.0 = Release|Win32
	EndGlobalSection
	GlobalSection(SolutionProperties) = preSolution
		HideSolutionNode = FALSE
	EndGlobalSection
	GlobalSection(ExtensibilityGlobals) = postSolution
		SolutionGuid = {B51B7B42-37DF-4BBA-9F43-DB6ED20E3617}
	EndGlobalSection
EndGlobal
